// !$*UTF8*$!
{
	archiveVersion = 1;
	classes = {
	};
	objectVersion = 56;
	objects = {

/* Begin PBXBuildFile section */
		BF20D6952B7B9E3B008AF1AE /* DetailViewModel.swift in Sources */ = {isa = PBXBuildFile; fileRef = BF20D6942B7B9E3B008AF1AE /* DetailViewModel.swift */; };
		BF20D6972B7B9F66008AF1AE /* ListViewModel.swift in Sources */ = {isa = PBXBuildFile; fileRef = BF20D6962B7B9F66008AF1AE /* ListViewModel.swift */; };
		BF20D6992B7BA073008AF1AE /* Content.swift in Sources */ = {isa = PBXBuildFile; fileRef = BF20D6982B7BA073008AF1AE /* Content.swift */; };
		BF96C9C82B740BB100E5C576 /* AppDelegate.swift in Sources */ = {isa = PBXBuildFile; fileRef = BF96C9C72B740BB100E5C576 /* AppDelegate.swift */; };
		BF96C9CA2B740BB100E5C576 /* SceneDelegate.swift in Sources */ = {isa = PBXBuildFile; fileRef = BF96C9C92B740BB100E5C576 /* SceneDelegate.swift */; };
		BF96C9D12B740BB200E5C576 /* Assets.xcassets in Resources */ = {isa = PBXBuildFile; fileRef = BF96C9D02B740BB200E5C576 /* Assets.xcassets */; };
		BF96C9D42B740BB200E5C576 /* LaunchScreen.storyboard in Resources */ = {isa = PBXBuildFile; fileRef = BF96C9D22B740BB200E5C576 /* LaunchScreen.storyboard */; };
		BF96C9DF2B740BB200E5C576 /* PlannerTests.swift in Sources */ = {isa = PBXBuildFile; fileRef = BF96C9DE2B740BB200E5C576 /* PlannerTests.swift */; };
		BFB2C85B2B74BE710098A164 /* Plan.swift in Sources */ = {isa = PBXBuildFile; fileRef = BFB2C85A2B74BE710098A164 /* Plan.swift */; };
		BFB2C85D2B74BEAA0098A164 /* Listable.swift in Sources */ = {isa = PBXBuildFile; fileRef = BFB2C85C2B74BEAA0098A164 /* Listable.swift */; };
		BFB2C85F2B74BFBC0098A164 /* Planner.swift in Sources */ = {isa = PBXBuildFile; fileRef = BFB2C85E2B74BFBC0098A164 /* Planner.swift */; };
		BFB2C8642B75EACA0098A164 /* State.swift in Sources */ = {isa = PBXBuildFile; fileRef = BFB2C8632B75EACA0098A164 /* State.swift */; };
		BFB2C86C2B75FBD40098A164 /* PlannerViewModel.swift in Sources */ = {isa = PBXBuildFile; fileRef = BFB2C86B2B75FBD40098A164 /* PlannerViewModel.swift */; };
		BFB2C86F2B75FF790098A164 /* ListFeatureTests.swift in Sources */ = {isa = PBXBuildFile; fileRef = BFB2C86E2B75FF790098A164 /* ListFeatureTests.swift */; };
		BFB2C8742B760A420098A164 /* PlanCell.swift in Sources */ = {isa = PBXBuildFile; fileRef = BFB2C8732B760A420098A164 /* PlanCell.swift */; };
		BFB2C8792B760CE70098A164 /* UIStackView.swift in Sources */ = {isa = PBXBuildFile; fileRef = BFB2C8782B760CE70098A164 /* UIStackView.swift */; };
		BFB2C87B2B760E970098A164 /* UILabel.swift in Sources */ = {isa = PBXBuildFile; fileRef = BFB2C87A2B760E970098A164 /* UILabel.swift */; };
		BFB2C87D2B7611CF0098A164 /* PlanListViewController.swift in Sources */ = {isa = PBXBuildFile; fileRef = BFB2C87C2B7611CF0098A164 /* PlanListViewController.swift */; };
		BFB2C87F2B788BA90098A164 /* UICollectionViewCompositionalLayoutConfiguration.swift in Sources */ = {isa = PBXBuildFile; fileRef = BFB2C87E2B788BA90098A164 /* UICollectionViewCompositionalLayoutConfiguration.swift */; };
		BFB2C8812B78A4110098A164 /* PlanListTitleView.swift in Sources */ = {isa = PBXBuildFile; fileRef = BFB2C8802B78A4110098A164 /* PlanListTitleView.swift */; };
		BFB2C8832B78AC740098A164 /* RoundedLabel.swift in Sources */ = {isa = PBXBuildFile; fileRef = BFB2C8822B78AC740098A164 /* RoundedLabel.swift */; };
		BFB2C8872B790D1C0098A164 /* PlanDetailViewController.swift in Sources */ = {isa = PBXBuildFile; fileRef = BFB2C8862B790D1C0098A164 /* PlanDetailViewController.swift */; };
		BFB2C8892B7913920098A164 /* UITextField.swift in Sources */ = {isa = PBXBuildFile; fileRef = BFB2C8882B7913920098A164 /* UITextField.swift */; };
		BFB2C88B2B7914790098A164 /* UITextView.swift in Sources */ = {isa = PBXBuildFile; fileRef = BFB2C88A2B7914790098A164 /* UITextView.swift */; };
/* End PBXBuildFile section */

/* Begin PBXContainerItemProxy section */
		BF96C9DB2B740BB200E5C576 /* PBXContainerItemProxy */ = {
			isa = PBXContainerItemProxy;
			containerPortal = BF96C9BC2B740BB100E5C576 /* Project object */;
			proxyType = 1;
			remoteGlobalIDString = BF96C9C32B740BB100E5C576;
			remoteInfo = PlannerTDD;
		};
/* End PBXContainerItemProxy section */

/* Begin PBXFileReference section */
		BF20D6942B7B9E3B008AF1AE /* DetailViewModel.swift */ = {isa = PBXFileReference; lastKnownFileType = sourcecode.swift; path = DetailViewModel.swift; sourceTree = "<group>"; };
		BF20D6962B7B9F66008AF1AE /* ListViewModel.swift */ = {isa = PBXFileReference; lastKnownFileType = sourcecode.swift; path = ListViewModel.swift; sourceTree = "<group>"; };
		BF20D6982B7BA073008AF1AE /* Content.swift */ = {isa = PBXFileReference; lastKnownFileType = sourcecode.swift; path = Content.swift; sourceTree = "<group>"; };
		BF96C9C42B740BB100E5C576 /* PlannerTDD.app */ = {isa = PBXFileReference; explicitFileType = wrapper.application; includeInIndex = 0; path = PlannerTDD.app; sourceTree = BUILT_PRODUCTS_DIR; };
		BF96C9C72B740BB100E5C576 /* AppDelegate.swift */ = {isa = PBXFileReference; lastKnownFileType = sourcecode.swift; path = AppDelegate.swift; sourceTree = "<group>"; };
		BF96C9C92B740BB100E5C576 /* SceneDelegate.swift */ = {isa = PBXFileReference; lastKnownFileType = sourcecode.swift; path = SceneDelegate.swift; sourceTree = "<group>"; };
		BF96C9D02B740BB200E5C576 /* Assets.xcassets */ = {isa = PBXFileReference; lastKnownFileType = folder.assetcatalog; path = Assets.xcassets; sourceTree = "<group>"; };
		BF96C9D32B740BB200E5C576 /* Base */ = {isa = PBXFileReference; lastKnownFileType = file.storyboard; name = Base; path = Base.lproj/LaunchScreen.storyboard; sourceTree = "<group>"; };
		BF96C9D52B740BB200E5C576 /* Info.plist */ = {isa = PBXFileReference; lastKnownFileType = text.plist.xml; path = Info.plist; sourceTree = "<group>"; };
		BF96C9DA2B740BB200E5C576 /* PlannerTDDTests.xctest */ = {isa = PBXFileReference; explicitFileType = wrapper.cfbundle; includeInIndex = 0; path = PlannerTDDTests.xctest; sourceTree = BUILT_PRODUCTS_DIR; };
		BF96C9DE2B740BB200E5C576 /* PlannerTests.swift */ = {isa = PBXFileReference; lastKnownFileType = sourcecode.swift; path = PlannerTests.swift; sourceTree = "<group>"; };
		BFB2C85A2B74BE710098A164 /* Plan.swift */ = {isa = PBXFileReference; lastKnownFileType = sourcecode.swift; path = Plan.swift; sourceTree = "<group>"; };
		BFB2C85C2B74BEAA0098A164 /* Listable.swift */ = {isa = PBXFileReference; lastKnownFileType = sourcecode.swift; path = Listable.swift; sourceTree = "<group>"; };
		BFB2C85E2B74BFBC0098A164 /* Planner.swift */ = {isa = PBXFileReference; lastKnownFileType = sourcecode.swift; path = Planner.swift; sourceTree = "<group>"; };
		BFB2C8632B75EACA0098A164 /* State.swift */ = {isa = PBXFileReference; lastKnownFileType = sourcecode.swift; path = State.swift; sourceTree = "<group>"; };
		BFB2C86B2B75FBD40098A164 /* PlannerViewModel.swift */ = {isa = PBXFileReference; lastKnownFileType = sourcecode.swift; path = PlannerViewModel.swift; sourceTree = "<group>"; };
		BFB2C86E2B75FF790098A164 /* ListFeatureTests.swift */ = {isa = PBXFileReference; lastKnownFileType = sourcecode.swift; path = ListFeatureTests.swift; sourceTree = "<group>"; };
		BFB2C8732B760A420098A164 /* PlanCell.swift */ = {isa = PBXFileReference; lastKnownFileType = sourcecode.swift; path = PlanCell.swift; sourceTree = "<group>"; };
		BFB2C8782B760CE70098A164 /* UIStackView.swift */ = {isa = PBXFileReference; lastKnownFileType = sourcecode.swift; path = UIStackView.swift; sourceTree = "<group>"; };
		BFB2C87A2B760E970098A164 /* UILabel.swift */ = {isa = PBXFileReference; lastKnownFileType = sourcecode.swift; path = UILabel.swift; sourceTree = "<group>"; };
		BFB2C87C2B7611CF0098A164 /* PlanListViewController.swift */ = {isa = PBXFileReference; lastKnownFileType = sourcecode.swift; path = PlanListViewController.swift; sourceTree = "<group>"; };
		BFB2C87E2B788BA90098A164 /* UICollectionViewCompositionalLayoutConfiguration.swift */ = {isa = PBXFileReference; lastKnownFileType = sourcecode.swift; path = UICollectionViewCompositionalLayoutConfiguration.swift; sourceTree = "<group>"; };
		BFB2C8802B78A4110098A164 /* PlanListTitleView.swift */ = {isa = PBXFileReference; lastKnownFileType = sourcecode.swift; path = PlanListTitleView.swift; sourceTree = "<group>"; };
		BFB2C8822B78AC740098A164 /* RoundedLabel.swift */ = {isa = PBXFileReference; lastKnownFileType = sourcecode.swift; path = RoundedLabel.swift; sourceTree = "<group>"; };
		BFB2C8862B790D1C0098A164 /* PlanDetailViewController.swift */ = {isa = PBXFileReference; lastKnownFileType = sourcecode.swift; path = PlanDetailViewController.swift; sourceTree = "<group>"; };
		BFB2C8882B7913920098A164 /* UITextField.swift */ = {isa = PBXFileReference; lastKnownFileType = sourcecode.swift; path = UITextField.swift; sourceTree = "<group>"; };
		BFB2C88A2B7914790098A164 /* UITextView.swift */ = {isa = PBXFileReference; lastKnownFileType = sourcecode.swift; path = UITextView.swift; sourceTree = "<group>"; };
/* End PBXFileReference section */

/* Begin PBXFrameworksBuildPhase section */
		BF96C9C12B740BB100E5C576 /* Frameworks */ = {
			isa = PBXFrameworksBuildPhase;
			buildActionMask = 2147483647;
			files = (
			);
			runOnlyForDeploymentPostprocessing = 0;
		};
		BF96C9D72B740BB200E5C576 /* Frameworks */ = {
			isa = PBXFrameworksBuildPhase;
			buildActionMask = 2147483647;
			files = (
			);
			runOnlyForDeploymentPostprocessing = 0;
		};
/* End PBXFrameworksBuildPhase section */

/* Begin PBXGroup section */
		BF20D69A2B7C6DE3008AF1AE /* ViewModel */ = {
			isa = PBXGroup;
			children = (
				BF20D6962B7B9F66008AF1AE /* ListViewModel.swift */,
				BF20D6942B7B9E3B008AF1AE /* DetailViewModel.swift */,
				BFB2C86B2B75FBD40098A164 /* PlannerViewModel.swift */,
			);
			path = ViewModel;
			sourceTree = "<group>";
		};
		BF96C9BB2B740BB100E5C576 = {
			isa = PBXGroup;
			children = (
				BF96C9C62B740BB100E5C576 /* PlannerTDD */,
				BF96C9DD2B740BB200E5C576 /* PlannerTDDTests */,
				BF96C9C52B740BB100E5C576 /* Products */,
			);
			sourceTree = "<group>";
		};
		BF96C9C52B740BB100E5C576 /* Products */ = {
			isa = PBXGroup;
			children = (
				BF96C9C42B740BB100E5C576 /* PlannerTDD.app */,
				BF96C9DA2B740BB200E5C576 /* PlannerTDDTests.xctest */,
			);
			name = Products;
			sourceTree = "<group>";
		};
		BF96C9C62B740BB100E5C576 /* PlannerTDD */ = {
			isa = PBXGroup;
			children = (
				BF96C9C72B740BB100E5C576 /* AppDelegate.swift */,
				BF96C9C92B740BB100E5C576 /* SceneDelegate.swift */,
				BF96C9F72B740BB900E5C576 /* Resource */,
				BFB2C8762B760C9D0098A164 /* Utility */,
				BFB2C8592B74BE640098A164 /* Domain */,
				BFB2C86A2B75FBC00098A164 /* Presentation */,
			);
			path = PlannerTDD;
			sourceTree = "<group>";
		};
		BF96C9DD2B740BB200E5C576 /* PlannerTDDTests */ = {
			isa = PBXGroup;
			children = (
				BF96C9DE2B740BB200E5C576 /* PlannerTests.swift */,
				BFB2C86D2B75FF660098A164 /* PlannerViewModelTests */,
			);
			path = PlannerTDDTests;
			sourceTree = "<group>";
		};
		BF96C9F72B740BB900E5C576 /* Resource */ = {
			isa = PBXGroup;
			children = (
				BF96C9D02B740BB200E5C576 /* Assets.xcassets */,
				BF96C9D22B740BB200E5C576 /* LaunchScreen.storyboard */,
				BF96C9D52B740BB200E5C576 /* Info.plist */,
			);
			path = Resource;
			sourceTree = "<group>";
		};
		BFB2C8592B74BE640098A164 /* Domain */ = {
			isa = PBXGroup;
			children = (
				BFB2C8632B75EACA0098A164 /* State.swift */,
				BFB2C85A2B74BE710098A164 /* Plan.swift */,
				BFB2C85C2B74BEAA0098A164 /* Listable.swift */,
				BFB2C85E2B74BFBC0098A164 /* Planner.swift */,
			);
			path = Domain;
			sourceTree = "<group>";
		};
		BFB2C86A2B75FBC00098A164 /* Presentation */ = {
			isa = PBXGroup;
			children = (
				BF20D6982B7BA073008AF1AE /* Content.swift */,
				BF20D69A2B7C6DE3008AF1AE /* ViewModel */,
				BFB2C8722B7609C50098A164 /* View */,
			);
			path = Presentation;
			sourceTree = "<group>";
		};
		BFB2C86D2B75FF660098A164 /* PlannerViewModelTests */ = {
			isa = PBXGroup;
			children = (
				BFB2C86E2B75FF790098A164 /* ListFeatureTests.swift */,
			);
			path = PlannerViewModelTests;
			sourceTree = "<group>";
		};
		BFB2C8722B7609C50098A164 /* View */ = {
			isa = PBXGroup;
			children = (
				BFB2C8732B760A420098A164 /* PlanCell.swift */,
				BFB2C87C2B7611CF0098A164 /* PlanListViewController.swift */,
				BFB2C8802B78A4110098A164 /* PlanListTitleView.swift */,
				BFB2C8822B78AC740098A164 /* RoundedLabel.swift */,
				BFB2C8862B790D1C0098A164 /* PlanDetailViewController.swift */,
			);
			path = View;
			sourceTree = "<group>";
		};
		BFB2C8762B760C9D0098A164 /* Utility */ = {
			isa = PBXGroup;
			children = (
				BFB2C8772B760CCE0098A164 /* Extension */,
			);
			path = Utility;
			sourceTree = "<group>";
		};
		BFB2C8772B760CCE0098A164 /* Extension */ = {
			isa = PBXGroup;
			children = (
				BFB2C8782B760CE70098A164 /* UIStackView.swift */,
				BFB2C87A2B760E970098A164 /* UILabel.swift */,
				BFB2C87E2B788BA90098A164 /* UICollectionViewCompositionalLayoutConfiguration.swift */,
				BFB2C8882B7913920098A164 /* UITextField.swift */,
				BFB2C88A2B7914790098A164 /* UITextView.swift */,
			);
			path = Extension;
			sourceTree = "<group>";
		};
/* End PBXGroup section */

/* Begin PBXNativeTarget section */
		BF96C9C32B740BB100E5C576 /* PlannerTDD */ = {
			isa = PBXNativeTarget;
			buildConfigurationList = BF96C9EE2B740BB200E5C576 /* Build configuration list for PBXNativeTarget "PlannerTDD" */;
			buildPhases = (
				BF96C9C02B740BB100E5C576 /* Sources */,
				BF96C9C12B740BB100E5C576 /* Frameworks */,
				BF96C9C22B740BB100E5C576 /* Resources */,
			);
			buildRules = (
			);
			dependencies = (
			);
			name = PlannerTDD;
			productName = PlannerTDD;
			productReference = BF96C9C42B740BB100E5C576 /* PlannerTDD.app */;
			productType = "com.apple.product-type.application";
		};
		BF96C9D92B740BB200E5C576 /* PlannerTDDTests */ = {
			isa = PBXNativeTarget;
			buildConfigurationList = BF96C9F12B740BB200E5C576 /* Build configuration list for PBXNativeTarget "PlannerTDDTests" */;
			buildPhases = (
				BF96C9D62B740BB200E5C576 /* Sources */,
				BF96C9D72B740BB200E5C576 /* Frameworks */,
				BF96C9D82B740BB200E5C576 /* Resources */,
			);
			buildRules = (
			);
			dependencies = (
				BF96C9DC2B740BB200E5C576 /* PBXTargetDependency */,
			);
			name = PlannerTDDTests;
			productName = PlannerTDDTests;
			productReference = BF96C9DA2B740BB200E5C576 /* PlannerTDDTests.xctest */;
			productType = "com.apple.product-type.bundle.unit-test";
		};
/* End PBXNativeTarget section */

/* Begin PBXProject section */
		BF96C9BC2B740BB100E5C576 /* Project object */ = {
			isa = PBXProject;
			attributes = {
				BuildIndependentTargetsInParallel = 1;
				LastSwiftUpdateCheck = 1520;
				LastUpgradeCheck = 1520;
				TargetAttributes = {
					BF96C9C32B740BB100E5C576 = {
						CreatedOnToolsVersion = 15.2;
					};
					BF96C9D92B740BB200E5C576 = {
						CreatedOnToolsVersion = 15.2;
						TestTargetID = BF96C9C32B740BB100E5C576;
					};
				};
			};
			buildConfigurationList = BF96C9BF2B740BB100E5C576 /* Build configuration list for PBXProject "PlannerTDD" */;
			compatibilityVersion = "Xcode 14.0";
			developmentRegion = en;
			hasScannedForEncodings = 0;
			knownRegions = (
				en,
				Base,
			);
			mainGroup = BF96C9BB2B740BB100E5C576;
			productRefGroup = BF96C9C52B740BB100E5C576 /* Products */;
			projectDirPath = "";
			projectRoot = "";
			targets = (
				BF96C9C32B740BB100E5C576 /* PlannerTDD */,
				BF96C9D92B740BB200E5C576 /* PlannerTDDTests */,
			);
		};
/* End PBXProject section */

/* Begin PBXResourcesBuildPhase section */
		BF96C9C22B740BB100E5C576 /* Resources */ = {
			isa = PBXResourcesBuildPhase;
			buildActionMask = 2147483647;
			files = (
				BF96C9D42B740BB200E5C576 /* LaunchScreen.storyboard in Resources */,
				BF96C9D12B740BB200E5C576 /* Assets.xcassets in Resources */,
			);
			runOnlyForDeploymentPostprocessing = 0;
		};
		BF96C9D82B740BB200E5C576 /* Resources */ = {
			isa = PBXResourcesBuildPhase;
			buildActionMask = 2147483647;
			files = (
			);
			runOnlyForDeploymentPostprocessing = 0;
		};
/* End PBXResourcesBuildPhase section */

/* Begin PBXSourcesBuildPhase section */
		BF96C9C02B740BB100E5C576 /* Sources */ = {
			isa = PBXSourcesBuildPhase;
			buildActionMask = 2147483647;
			files = (
				BFB2C87B2B760E970098A164 /* UILabel.swift in Sources */,
				BFB2C87F2B788BA90098A164 /* UICollectionViewCompositionalLayoutConfiguration.swift in Sources */,
				BF96C9C82B740BB100E5C576 /* AppDelegate.swift in Sources */,
				BF20D6992B7BA073008AF1AE /* Content.swift in Sources */,
				BFB2C8892B7913920098A164 /* UITextField.swift in Sources */,
				BFB2C88B2B7914790098A164 /* UITextView.swift in Sources */,
				BFB2C8792B760CE70098A164 /* UIStackView.swift in Sources */,
				BFB2C85F2B74BFBC0098A164 /* Planner.swift in Sources */,
				BFB2C86C2B75FBD40098A164 /* PlannerViewModel.swift in Sources */,
				BFB2C85D2B74BEAA0098A164 /* Listable.swift in Sources */,
				BFB2C8742B760A420098A164 /* PlanCell.swift in Sources */,
				BF96C9CA2B740BB100E5C576 /* SceneDelegate.swift in Sources */,
				BFB2C85B2B74BE710098A164 /* Plan.swift in Sources */,
				BFB2C87D2B7611CF0098A164 /* PlanListViewController.swift in Sources */,
				BF20D6952B7B9E3B008AF1AE /* DetailViewModel.swift in Sources */,
				BF20D6972B7B9F66008AF1AE /* ListViewModel.swift in Sources */,
				BFB2C8872B790D1C0098A164 /* PlanDetailViewController.swift in Sources */,
				BFB2C8812B78A4110098A164 /* PlanListTitleView.swift in Sources */,
				BFB2C8642B75EACA0098A164 /* State.swift in Sources */,
				BFB2C8832B78AC740098A164 /* RoundedLabel.swift in Sources */,
			);
			runOnlyForDeploymentPostprocessing = 0;
		};
		BF96C9D62B740BB200E5C576 /* Sources */ = {
			isa = PBXSourcesBuildPhase;
			buildActionMask = 2147483647;
			files = (
				BFB2C86F2B75FF790098A164 /* ListFeatureTests.swift in Sources */,
				BF96C9DF2B740BB200E5C576 /* PlannerTests.swift in Sources */,
			);
			runOnlyForDeploymentPostprocessing = 0;
		};
/* End PBXSourcesBuildPhase section */

/* Begin PBXTargetDependency section */
		BF96C9DC2B740BB200E5C576 /* PBXTargetDependency */ = {
			isa = PBXTargetDependency;
			target = BF96C9C32B740BB100E5C576 /* PlannerTDD */;
			targetProxy = BF96C9DB2B740BB200E5C576 /* PBXContainerItemProxy */;
		};
/* End PBXTargetDependency section */

/* Begin PBXVariantGroup section */
		BF96C9D22B740BB200E5C576 /* LaunchScreen.storyboard */ = {
			isa = PBXVariantGroup;
			children = (
				BF96C9D32B740BB200E5C576 /* Base */,
			);
			name = LaunchScreen.storyboard;
			sourceTree = "<group>";
		};
/* End PBXVariantGroup section */

/* Begin XCBuildConfiguration section */
		BF96C9EC2B740BB200E5C576 /* Debug */ = {
			isa = XCBuildConfiguration;
			buildSettings = {
				ALWAYS_SEARCH_USER_PATHS = NO;
				ASSETCATALOG_COMPILER_GENERATE_SWIFT_ASSET_SYMBOL_EXTENSIONS = YES;
				CLANG_ANALYZER_NONNULL = YES;
				CLANG_ANALYZER_NUMBER_OBJECT_CONVERSION = YES_AGGRESSIVE;
				CLANG_CXX_LANGUAGE_STANDARD = "gnu++20";
				CLANG_ENABLE_MODULES = YES;
				CLANG_ENABLE_OBJC_ARC = YES;
				CLANG_ENABLE_OBJC_WEAK = YES;
				CLANG_WARN_BLOCK_CAPTURE_AUTORELEASING = YES;
				CLANG_WARN_BOOL_CONVERSION = YES;
				CLANG_WARN_COMMA = YES;
				CLANG_WARN_CONSTANT_CONVERSION = YES;
				CLANG_WARN_DEPRECATED_OBJC_IMPLEMENTATIONS = YES;
				CLANG_WARN_DIRECT_OBJC_ISA_USAGE = YES_ERROR;
				CLANG_WARN_DOCUMENTATION_COMMENTS = YES;
				CLANG_WARN_EMPTY_BODY = YES;
				CLANG_WARN_ENUM_CONVERSION = YES;
				CLANG_WARN_INFINITE_RECURSION = YES;
				CLANG_WARN_INT_CONVERSION = YES;
				CLANG_WARN_NON_LITERAL_NULL_CONVERSION = YES;
				CLANG_WARN_OBJC_IMPLICIT_RETAIN_SELF = YES;
				CLANG_WARN_OBJC_LITERAL_CONVERSION = YES;
				CLANG_WARN_OBJC_ROOT_CLASS = YES_ERROR;
				CLANG_WARN_QUOTED_INCLUDE_IN_FRAMEWORK_HEADER = YES;
				CLANG_WARN_RANGE_LOOP_ANALYSIS = YES;
				CLANG_WARN_STRICT_PROTOTYPES = YES;
				CLANG_WARN_SUSPICIOUS_MOVE = YES;
				CLANG_WARN_UNGUARDED_AVAILABILITY = YES_AGGRESSIVE;
				CLANG_WARN_UNREACHABLE_CODE = YES;
				CLANG_WARN__DUPLICATE_METHOD_MATCH = YES;
				COPY_PHASE_STRIP = NO;
				DEBUG_INFORMATION_FORMAT = dwarf;
				ENABLE_STRICT_OBJC_MSGSEND = YES;
				ENABLE_TESTABILITY = YES;
				ENABLE_USER_SCRIPT_SANDBOXING = YES;
				GCC_C_LANGUAGE_STANDARD = gnu17;
				GCC_DYNAMIC_NO_PIC = NO;
				GCC_NO_COMMON_BLOCKS = YES;
				GCC_OPTIMIZATION_LEVEL = 0;
				GCC_PREPROCESSOR_DEFINITIONS = (
					"DEBUG=1",
					"$(inherited)",
				);
				GCC_WARN_64_TO_32_BIT_CONVERSION = YES;
				GCC_WARN_ABOUT_RETURN_TYPE = YES_ERROR;
				GCC_WARN_UNDECLARED_SELECTOR = YES;
				GCC_WARN_UNINITIALIZED_AUTOS = YES_AGGRESSIVE;
				GCC_WARN_UNUSED_FUNCTION = YES;
				GCC_WARN_UNUSED_VARIABLE = YES;
				IPHONEOS_DEPLOYMENT_TARGET = 17.2;
				LOCALIZATION_PREFERS_STRING_CATALOGS = YES;
				MTL_ENABLE_DEBUG_INFO = INCLUDE_SOURCE;
				MTL_FAST_MATH = YES;
				ONLY_ACTIVE_ARCH = YES;
				SDKROOT = iphoneos;
				SWIFT_ACTIVE_COMPILATION_CONDITIONS = "DEBUG $(inherited)";
				SWIFT_OPTIMIZATION_LEVEL = "-Onone";
			};
			name = Debug;
		};
		BF96C9ED2B740BB200E5C576 /* Release */ = {
			isa = XCBuildConfiguration;
			buildSettings = {
				ALWAYS_SEARCH_USER_PATHS = NO;
				ASSETCATALOG_COMPILER_GENERATE_SWIFT_ASSET_SYMBOL_EXTENSIONS = YES;
				CLANG_ANALYZER_NONNULL = YES;
				CLANG_ANALYZER_NUMBER_OBJECT_CONVERSION = YES_AGGRESSIVE;
				CLANG_CXX_LANGUAGE_STANDARD = "gnu++20";
				CLANG_ENABLE_MODULES = YES;
				CLANG_ENABLE_OBJC_ARC = YES;
				CLANG_ENABLE_OBJC_WEAK = YES;
				CLANG_WARN_BLOCK_CAPTURE_AUTORELEASING = YES;
				CLANG_WARN_BOOL_CONVERSION = YES;
				CLANG_WARN_COMMA = YES;
				CLANG_WARN_CONSTANT_CONVERSION = YES;
				CLANG_WARN_DEPRECATED_OBJC_IMPLEMENTATIONS = YES;
				CLANG_WARN_DIRECT_OBJC_ISA_USAGE = YES_ERROR;
				CLANG_WARN_DOCUMENTATION_COMMENTS = YES;
				CLANG_WARN_EMPTY_BODY = YES;
				CLANG_WARN_ENUM_CONVERSION = YES;
				CLANG_WARN_INFINITE_RECURSION = YES;
				CLANG_WARN_INT_CONVERSION = YES;
				CLANG_WARN_NON_LITERAL_NULL_CONVERSION = YES;
				CLANG_WARN_OBJC_IMPLICIT_RETAIN_SELF = YES;
				CLANG_WARN_OBJC_LITERAL_CONVERSION = YES;
				CLANG_WARN_OBJC_ROOT_CLASS = YES_ERROR;
				CLANG_WARN_QUOTED_INCLUDE_IN_FRAMEWORK_HEADER = YES;
				CLANG_WARN_RANGE_LOOP_ANALYSIS = YES;
				CLANG_WARN_STRICT_PROTOTYPES = YES;
				CLANG_WARN_SUSPICIOUS_MOVE = YES;
				CLANG_WARN_UNGUARDED_AVAILABILITY = YES_AGGRESSIVE;
				CLANG_WARN_UNREACHABLE_CODE = YES;
				CLANG_WARN__DUPLICATE_METHOD_MATCH = YES;
				COPY_PHASE_STRIP = NO;
				DEBUG_INFORMATION_FORMAT = "dwarf-with-dsym";
				ENABLE_NS_ASSERTIONS = NO;
				ENABLE_STRICT_OBJC_MSGSEND = YES;
				ENABLE_USER_SCRIPT_SANDBOXING = YES;
				GCC_C_LANGUAGE_STANDARD = gnu17;
				GCC_NO_COMMON_BLOCKS = YES;
				GCC_WARN_64_TO_32_BIT_CONVERSION = YES;
				GCC_WARN_ABOUT_RETURN_TYPE = YES_ERROR;
				GCC_WARN_UNDECLARED_SELECTOR = YES;
				GCC_WARN_UNINITIALIZED_AUTOS = YES_AGGRESSIVE;
				GCC_WARN_UNUSED_FUNCTION = YES;
				GCC_WARN_UNUSED_VARIABLE = YES;
				IPHONEOS_DEPLOYMENT_TARGET = 17.2;
				LOCALIZATION_PREFERS_STRING_CATALOGS = YES;
				MTL_ENABLE_DEBUG_INFO = NO;
				MTL_FAST_MATH = YES;
				SDKROOT = iphoneos;
				SWIFT_COMPILATION_MODE = wholemodule;
				VALIDATE_PRODUCT = YES;
			};
			name = Release;
		};
		BF96C9EF2B740BB200E5C576 /* Debug */ = {
			isa = XCBuildConfiguration;
			buildSettings = {
				ASSETCATALOG_COMPILER_APPICON_NAME = AppIcon;
				ASSETCATALOG_COMPILER_GLOBAL_ACCENT_COLOR_NAME = AccentColor;
				CODE_SIGN_STYLE = Automatic;
				CURRENT_PROJECT_VERSION = 1;
				DEVELOPMENT_TEAM = RKG4N9K9YM;
				GENERATE_INFOPLIST_FILE = YES;
				INFOPLIST_FILE = PlannerTDD/Resource/Info.plist;
				INFOPLIST_KEY_UIApplicationSupportsIndirectInputEvents = YES;
				INFOPLIST_KEY_UILaunchStoryboardName = LaunchScreen;
				INFOPLIST_KEY_UISupportedInterfaceOrientations = "UIInterfaceOrientationLandscapeLeft UIInterfaceOrientationLandscapeRight UIInterfaceOrientationPortrait";
				INFOPLIST_KEY_UISupportedInterfaceOrientations_iPad = "UIInterfaceOrientationLandscapeLeft UIInterfaceOrientationLandscapeRight UIInterfaceOrientationPortrait UIInterfaceOrientationPortraitUpsideDown";
				IPHONEOS_DEPLOYMENT_TARGET = 17.2;
				LD_RUNPATH_SEARCH_PATHS = (
					"$(inherited)",
					"@executable_path/Frameworks",
				);
				MARKETING_VERSION = 1.0;
				PRODUCT_BUNDLE_IDENTIFIER = com.Gundy.PlannerTDD;
				PRODUCT_NAME = "$(TARGET_NAME)";
				SUPPORTED_PLATFORMS = "iphoneos iphonesimulator";
				SUPPORTS_MACCATALYST = NO;
				SUPPORTS_MAC_DESIGNED_FOR_IPHONE_IPAD = NO;
				SUPPORTS_XR_DESIGNED_FOR_IPHONE_IPAD = NO;
				SWIFT_EMIT_LOC_STRINGS = YES;
				SWIFT_VERSION = 5.0;
				TARGETED_DEVICE_FAMILY = 1;
			};
			name = Debug;
		};
		BF96C9F02B740BB200E5C576 /* Release */ = {
			isa = XCBuildConfiguration;
			buildSettings = {
				ASSETCATALOG_COMPILER_APPICON_NAME = AppIcon;
				ASSETCATALOG_COMPILER_GLOBAL_ACCENT_COLOR_NAME = AccentColor;
				CODE_SIGN_STYLE = Automatic;
				CURRENT_PROJECT_VERSION = 1;
				DEVELOPMENT_TEAM = RKG4N9K9YM;
				GENERATE_INFOPLIST_FILE = YES;
				INFOPLIST_FILE = PlannerTDD/Resource/Info.plist;
				INFOPLIST_KEY_UIApplicationSupportsIndirectInputEvents = YES;
				INFOPLIST_KEY_UILaunchStoryboardName = LaunchScreen;
				INFOPLIST_KEY_UISupportedInterfaceOrientations = "UIInterfaceOrientationLandscapeLeft UIInterfaceOrientationLandscapeRight UIInterfaceOrientationPortrait";
				INFOPLIST_KEY_UISupportedInterfaceOrientations_iPad = "UIInterfaceOrientationLandscapeLeft UIInterfaceOrientationLandscapeRight UIInterfaceOrientationPortrait UIInterfaceOrientationPortraitUpsideDown";
				IPHONEOS_DEPLOYMENT_TARGET = 17.2;
				LD_RUNPATH_SEARCH_PATHS = (
					"$(inherited)",
					"@executable_path/Frameworks",
				);
				MARKETING_VERSION = 1.0;
				PRODUCT_BUNDLE_IDENTIFIER = com.Gundy.PlannerTDD;
				PRODUCT_NAME = "$(TARGET_NAME)";
				SUPPORTED_PLATFORMS = "iphoneos iphonesimulator";
				SUPPORTS_MACCATALYST = NO;
				SUPPORTS_MAC_DESIGNED_FOR_IPHONE_IPAD = NO;
				SUPPORTS_XR_DESIGNED_FOR_IPHONE_IPAD = NO;
				SWIFT_EMIT_LOC_STRINGS = YES;
				SWIFT_VERSION = 5.0;
				TARGETED_DEVICE_FAMILY = 1;
			};
			name = Release;
		};
		BF96C9F22B740BB200E5C576 /* Debug */ = {
			isa = XCBuildConfiguration;
			buildSettings = {
				ALWAYS_EMBED_SWIFT_STANDARD_LIBRARIES = YES;
				BUNDLE_LOADER = "$(TEST_HOST)";
				CODE_SIGN_STYLE = Automatic;
				CURRENT_PROJECT_VERSION = 1;
				DEVELOPMENT_TEAM = RKG4N9K9YM;
				GENERATE_INFOPLIST_FILE = YES;
				IPHONEOS_DEPLOYMENT_TARGET = 17.2;
				MARKETING_VERSION = 1.0;
				PRODUCT_BUNDLE_IDENTIFIER = com.Gundy.PlannerTDDTests;
				PRODUCT_NAME = "$(TARGET_NAME)";
				SUPPORTED_PLATFORMS = "iphoneos iphonesimulator";
				SUPPORTS_MACCATALYST = NO;
				SUPPORTS_MAC_DESIGNED_FOR_IPHONE_IPAD = NO;
				SUPPORTS_XR_DESIGNED_FOR_IPHONE_IPAD = NO;
				SWIFT_EMIT_LOC_STRINGS = NO;
				SWIFT_VERSION = 5.0;
				TARGETED_DEVICE_FAMILY = 1;
				TEST_HOST = "$(BUILT_PRODUCTS_DIR)/PlannerTDD.app/$(BUNDLE_EXECUTABLE_FOLDER_PATH)/PlannerTDD";
			};
			name = Debug;
		};
		BF96C9F32B740BB200E5C576 /* Release */ = {
			isa = XCBuildConfiguration;
			buildSettings = {
				ALWAYS_EMBED_SWIFT_STANDARD_LIBRARIES = YES;
				BUNDLE_LOADER = "$(TEST_HOST)";
				CODE_SIGN_STYLE = Automatic;
				CURRENT_PROJECT_VERSION = 1;
				DEVELOPMENT_TEAM = RKG4N9K9YM;
				GENERATE_INFOPLIST_FILE = YES;
				IPHONEOS_DEPLOYMENT_TARGET = 17.2;
				MARKETING_VERSION = 1.0;
				PRODUCT_BUNDLE_IDENTIFIER = com.Gundy.PlannerTDDTests;
				PRODUCT_NAME = "$(TARGET_NAME)";
				SUPPORTED_PLATFORMS = "iphoneos iphonesimulator";
				SUPPORTS_MACCATALYST = NO;
				SUPPORTS_MAC_DESIGNED_FOR_IPHONE_IPAD = NO;
				SUPPORTS_XR_DESIGNED_FOR_IPHONE_IPAD = NO;
				SWIFT_EMIT_LOC_STRINGS = NO;
				SWIFT_VERSION = 5.0;
				TARGETED_DEVICE_FAMILY = 1;
				TEST_HOST = "$(BUILT_PRODUCTS_DIR)/PlannerTDD.app/$(BUNDLE_EXECUTABLE_FOLDER_PATH)/PlannerTDD";
			};
			name = Release;
		};
/* End XCBuildConfiguration section */

/* Begin XCConfigurationList section */
		BF96C9BF2B740BB100E5C576 /* Build configuration list for PBXProject "PlannerTDD" */ = {
			isa = XCConfigurationList;
			buildConfigurations = (
				BF96C9EC2B740BB200E5C576 /* Debug */,
				BF96C9ED2B740BB200E5C576 /* Release */,
			);
			defaultConfigurationIsVisible = 0;
			defaultConfigurationName = Release;
		};
		BF96C9EE2B740BB200E5C576 /* Build configuration list for PBXNativeTarget "PlannerTDD" */ = {
			isa = XCConfigurationList;
			buildConfigurations = (
				BF96C9EF2B740BB200E5C576 /* Debug */,
				BF96C9F02B740BB200E5C576 /* Release */,
			);
			defaultConfigurationIsVisible = 0;
			defaultConfigurationName = Release;
		};
		BF96C9F12B740BB200E5C576 /* Build configuration list for PBXNativeTarget "PlannerTDDTests" */ = {
			isa = XCConfigurationList;
			buildConfigurations = (
				BF96C9F22B740BB200E5C576 /* Debug */,
				BF96C9F32B740BB200E5C576 /* Release */,
			);
			defaultConfigurationIsVisible = 0;
			defaultConfigurationName = Release;
		};
/* End XCConfigurationList section */
	};
	rootObject = BF96C9BC2B740BB100E5C576 /* Project object */;
}
